// !$*UTF8*$!
{
	archiveVersion = 1;
	classes = {
	};
	objectVersion = 46;
	objects = {

/* Begin PBXBuildFile section */
		42247D511D7819CF0096DE3D /* AppCanKit.framework in Frameworks */ = {isa = PBXBuildFile; fileRef = 42247D501D7819CF0096DE3D /* AppCanKit.framework */; };
		4282681E1C27E7AD00A10A68 /* EUExGaodeNavi.m in Sources */ = {isa = PBXBuildFile; fileRef = 4282681D1C27E7AD00A10A68 /* EUExGaodeNavi.m */; };
		42D6539C1C3251BC000231E4 /* AMapNaviKit.framework in Frameworks */ = {isa = PBXBuildFile; fileRef = 42D6539B1C3251BC000231E4 /* AMapNaviKit.framework */; };
		42D6539F1C3251FB000231E4 /* AMap.bundle in CopyFiles */ = {isa = PBXBuildFile; fileRef = 42D6539D1C3251EF000231E4 /* AMap.bundle */; };
		42D653A01C3251FB000231E4 /* AMapNavi.bundle in CopyFiles */ = {isa = PBXBuildFile; fileRef = 42D6539E1C3251EF000231E4 /* AMapNavi.bundle */; };
		42D653A11C3251FB000231E4 /* AMapNaviKit.framework in CopyFiles */ = {isa = PBXBuildFile; fileRef = 42D6539B1C3251BC000231E4 /* AMapNaviKit.framework */; };
		42D653A41C32586B000231E4 /* uexGaodeNaviManager.m in Sources */ = {isa = PBXBuildFile; fileRef = 42D653A31C32586B000231E4 /* uexGaodeNaviManager.m */; };
/* End PBXBuildFile section */

/* Begin PBXCopyFilesBuildPhase section */
		424AD04B1C25285300EEC1F8 /* CopyFiles */ = {
			isa = PBXCopyFilesBuildPhase;
			buildActionMask = 2147483647;
			dstPath = "";
			dstSubfolderSpec = 16;
			files = (
				42D6539F1C3251FB000231E4 /* AMap.bundle in CopyFiles */,
				42D653A01C3251FB000231E4 /* AMapNavi.bundle in CopyFiles */,
				42D653A11C3251FB000231E4 /* AMapNaviKit.framework in CopyFiles */,
			);
			runOnlyForDeploymentPostprocessing = 0;
		};
/* End PBXCopyFilesBuildPhase section */

/* Begin PBXFileReference section */
		42247D501D7819CF0096DE3D /* AppCanKit.framework */ = {isa = PBXFileReference; lastKnownFileType = wrapper.framework; path = AppCanKit.framework; sourceTree = "<group>"; };
		424AD04D1C25285300EEC1F8 /* libuexGaodeNavi.a */ = {isa = PBXFileReference; explicitFileType = archive.ar; includeInIndex = 0; path = libuexGaodeNavi.a; sourceTree = BUILT_PRODUCTS_DIR; };
		4282681C1C27E7AD00A10A68 /* EUExGaodeNavi.h */ = {isa = PBXFileReference; fileEncoding = 4; lastKnownFileType = sourcecode.c.h; path = EUExGaodeNavi.h; sourceTree = "<group>"; };
		4282681D1C27E7AD00A10A68 /* EUExGaodeNavi.m */ = {isa = PBXFileReference; fileEncoding = 4; lastKnownFileType = sourcecode.c.objc; path = EUExGaodeNavi.m; sourceTree = "<group>"; };
		42D6539B1C3251BC000231E4 /* AMapNaviKit.framework */ = {isa = PBXFileReference; lastKnownFileType = wrapper.framework; path = AMapNaviKit.framework; sourceTree = "<group>"; };
		42D6539D1C3251EF000231E4 /* AMap.bundle */ = {isa = PBXFileReference; lastKnownFileType = "wrapper.plug-in"; name = AMap.bundle; path = AMapNaviKit.framework/Resources/AMap.bundle; sourceTree = "<group>"; };
		42D6539E1C3251EF000231E4 /* AMapNavi.bundle */ = {isa = PBXFileReference; lastKnownFileType = "wrapper.plug-in"; name = AMapNavi.bundle; path = AMapNaviKit.framework/Resources/AMapNavi.bundle; sourceTree = "<group>"; };
		42D653A21C32586B000231E4 /* uexGaodeNaviManager.h */ = {isa = PBXFileReference; fileEncoding = 4; lastKnownFileType = sourcecode.c.h; path = uexGaodeNaviManager.h; sourceTree = "<group>"; };
		42D653A31C32586B000231E4 /* uexGaodeNaviManager.m */ = {isa = PBXFileReference; fileEncoding = 4; lastKnownFileType = sourcecode.c.objc; path = uexGaodeNaviManager.m; sourceTree = "<group>"; };
		42D653A51C3259A5000231E4 /* uexGaodeNavi-PrefixHeader.pch */ = {isa = PBXFileReference; fileEncoding = 4; lastKnownFileType = sourcecode.c.h; path = "uexGaodeNavi-PrefixHeader.pch"; sourceTree = "<group>"; };
/* End PBXFileReference section */

/* Begin PBXFrameworksBuildPhase section */
		424AD04A1C25285300EEC1F8 /* Frameworks */ = {
			isa = PBXFrameworksBuildPhase;
			buildActionMask = 2147483647;
			files = (
				42247D511D7819CF0096DE3D /* AppCanKit.framework in Frameworks */,
				42D6539C1C3251BC000231E4 /* AMapNaviKit.framework in Frameworks */,
			);
			runOnlyForDeploymentPostprocessing = 0;
		};
/* End PBXFrameworksBuildPhase section */

/* Begin PBXGroup section */
		424AD0441C25285300EEC1F8 = {
			isa = PBXGroup;
			children = (
				B574232C6B6990CF570E7675 /* EUExGaodeNavi */,
				424AD04E1C25285300EEC1F8 /* Products */,
			);
			sourceTree = "<group>";
		};
		424AD04E1C25285300EEC1F8 /* Products */ = {
			isa = PBXGroup;
			children = (
				424AD04D1C25285300EEC1F8 /* libuexGaodeNavi.a */,
			);
			name = Products;
			sourceTree = "<group>";
		};
		4282681F1C27FFEA00A10A68 /* libs */ = {
			isa = PBXGroup;
			children = (
				42D6539D1C3251EF000231E4 /* AMap.bundle */,
				42D6539E1C3251EF000231E4 /* AMapNavi.bundle */,
				42D6539B1C3251BC000231E4 /* AMapNaviKit.framework */,
			);
			path = libs;
			sourceTree = "<group>";
		};
		437259B8C8420ADD80BA2437 /* sourceCode */ = {
			isa = PBXGroup;
			children = (
				4282681F1C27FFEA00A10A68 /* libs */,
				42D653A21C32586B000231E4 /* uexGaodeNaviManager.h */,
				42D653A31C32586B000231E4 /* uexGaodeNaviManager.m */,
			);
			path = sourceCode;
			sourceTree = "<group>";
		};
		B574232C6B6990CF570E7675 /* EUExGaodeNavi */ = {
			isa = PBXGroup;
			children = (
				42247D501D7819CF0096DE3D /* AppCanKit.framework */,
				437259B8C8420ADD80BA2437 /* sourceCode */,
				4282681C1C27E7AD00A10A68 /* EUExGaodeNavi.h */,
				4282681D1C27E7AD00A10A68 /* EUExGaodeNavi.m */,
				42D653A51C3259A5000231E4 /* uexGaodeNavi-PrefixHeader.pch */,
			);
			path = EUExGaodeNavi;
			sourceTree = "<group>";
		};
/* End PBXGroup section */

/* Begin PBXNativeTarget section */
		424AD04C1C25285300EEC1F8 /* EUExGaodeNavi */ = {
			isa = PBXNativeTarget;
			buildConfigurationList = 424AD0561C25285300EEC1F8 /* Build configuration list for PBXNativeTarget "EUExGaodeNavi" */;
			buildPhases = (
				424AD0491C25285300EEC1F8 /* Sources */,
				424AD04A1C25285300EEC1F8 /* Frameworks */,
				424AD04B1C25285300EEC1F8 /* CopyFiles */,
			);
			buildRules = (
			);
			dependencies = (
			);
			name = EUExGaodeNavi;
			productName = EUExGaodeNavi;
			productReference = 424AD04D1C25285300EEC1F8 /* libuexGaodeNavi.a */;
			productType = "com.apple.product-type.library.static";
		};
/* End PBXNativeTarget section */

/* Begin PBXProject section */
		424AD0451C25285300EEC1F8 /* Project object */ = {
			isa = PBXProject;
			attributes = {
				LastUpgradeCheck = 0720;
				ORGANIZATIONNAME = AppCan;
				TargetAttributes = {
					424AD04C1C25285300EEC1F8 = {
						CreatedOnToolsVersion = 7.2;
					};
				};
			};
			buildConfigurationList = 424AD0481C25285300EEC1F8 /* Build configuration list for PBXProject "EUExGaodeNavi" */;
			compatibilityVersion = "Xcode 3.2";
			developmentRegion = English;
			hasScannedForEncodings = 0;
			knownRegions = (
				en,
			);
			mainGroup = 424AD0441C25285300EEC1F8;
			productRefGroup = 424AD04E1C25285300EEC1F8 /* Products */;
			projectDirPath = "";
			projectRoot = "";
			targets = (
				424AD04C1C25285300EEC1F8 /* EUExGaodeNavi */,
			);
		};
/* End PBXProject section */

/* Begin PBXSourcesBuildPhase section */
		424AD0491C25285300EEC1F8 /* Sources */ = {
			isa = PBXSourcesBuildPhase;
			buildActionMask = 2147483647;
			files = (
				4282681E1C27E7AD00A10A68 /* EUExGaodeNavi.m in Sources */,
				42D653A41C32586B000231E4 /* uexGaodeNaviManager.m in Sources */,
			);
			runOnlyForDeploymentPostprocessing = 0;
		};
/* End PBXSourcesBuildPhase section */

/* Begin XCBuildConfiguration section */
		424AD0541C25285300EEC1F8 /* Debug */ = {
			isa = XCBuildConfiguration;
			buildSettings = {
				ALWAYS_SEARCH_USER_PATHS = NO;
				CLANG_CXX_LANGUAGE_STANDARD = "gnu++0x";
				CLANG_CXX_LIBRARY = "libc++";
				CLANG_ENABLE_MODULES = YES;
				CLANG_ENABLE_OBJC_ARC = YES;
				CLANG_WARN_BOOL_CONVERSION = YES;
				CLANG_WARN_CONSTANT_CONVERSION = YES;
				CLANG_WARN_DIRECT_OBJC_ISA_USAGE = YES_ERROR;
				CLANG_WARN_EMPTY_BODY = YES;
				CLANG_WARN_ENUM_CONVERSION = YES;
				CLANG_WARN_INT_CONVERSION = YES;
				CLANG_WARN_OBJC_ROOT_CLASS = YES_ERROR;
				CLANG_WARN_UNREACHABLE_CODE = YES;
				CLANG_WARN__DUPLICATE_METHOD_MATCH = YES;
				"CODE_SIGN_IDENTITY[sdk=iphoneos*]" = "iPhone Developer";
				COPY_PHASE_STRIP = NO;
				DEBUG_INFORMATION_FORMAT = dwarf;
				ENABLE_STRICT_OBJC_MSGSEND = YES;
				ENABLE_TESTABILITY = YES;
				GCC_C_LANGUAGE_STANDARD = gnu99;
				GCC_DYNAMIC_NO_PIC = NO;
				GCC_NO_COMMON_BLOCKS = YES;
				GCC_OPTIMIZATION_LEVEL = 0;
				GCC_PREPROCESSOR_DEFINITIONS = (
					"DEBUG=1",
					"$(inherited)",
				);
				GCC_WARN_64_TO_32_BIT_CONVERSION = YES;
				GCC_WARN_ABOUT_RETURN_TYPE = YES_ERROR;
				GCC_WARN_UNDECLARED_SELECTOR = YES;
				GCC_WARN_UNINITIALIZED_AUTOS = YES_AGGRESSIVE;
				GCC_WARN_UNUSED_FUNCTION = YES;
				GCC_WARN_UNUSED_VARIABLE = YES;
				IPHONEOS_DEPLOYMENT_TARGET = 6.0;
				MTL_ENABLE_DEBUG_INFO = YES;
				ONLY_ACTIVE_ARCH = YES;
				SDKROOT = iphoneos;
			};
			name = Debug;
		};
		424AD0551C25285300EEC1F8 /* Release */ = {
			isa = XCBuildConfiguration;
			buildSettings = {
				ALWAYS_SEARCH_USER_PATHS = NO;
				CLANG_CXX_LANGUAGE_STANDARD = "gnu++0x";
				CLANG_CXX_LIBRARY = "libc++";
				CLANG_ENABLE_MODULES = YES;
				CLANG_ENABLE_OBJC_ARC = YES;
				CLANG_WARN_BOOL_CONVERSION = YES;
				CLANG_WARN_CONSTANT_CONVERSION = YES;
				CLANG_WARN_DIRECT_OBJC_ISA_USAGE = YES_ERROR;
				CLANG_WARN_EMPTY_BODY = YES;
				CLANG_WARN_ENUM_CONVERSION = YES;
				CLANG_WARN_INT_CONVERSION = YES;
				CLANG_WARN_OBJC_ROOT_CLASS = YES_ERROR;
				CLANG_WARN_UNREACHABLE_CODE = YES;
				CLANG_WARN__DUPLICATE_METHOD_MATCH = YES;
				"CODE_SIGN_IDENTITY[sdk=iphoneos*]" = "iPhone Developer";
				COPY_PHASE_STRIP = NO;
				DEBUG_INFORMATION_FORMAT = "dwarf-with-dsym";
				ENABLE_NS_ASSERTIONS = NO;
				ENABLE_STRICT_OBJC_MSGSEND = YES;
				GCC_C_LANGUAGE_STANDARD = gnu99;
				GCC_NO_COMMON_BLOCKS = YES;
				GCC_WARN_64_TO_32_BIT_CONVERSION = YES;
				GCC_WARN_ABOUT_RETURN_TYPE = YES_ERROR;
				GCC_WARN_UNDECLARED_SELECTOR = YES;
				GCC_WARN_UNINITIALIZED_AUTOS = YES_AGGRESSIVE;
				GCC_WARN_UNUSED_FUNCTION = YES;
				GCC_WARN_UNUSED_VARIABLE = YES;
				IPHONEOS_DEPLOYMENT_TARGET = 6.0;
				MTL_ENABLE_DEBUG_INFO = NO;
				SDKROOT = iphoneos;
				VALIDATE_PRODUCT = YES;
			};
			name = Release;
		};
		424AD0571C25285300EEC1F8 /* Debug */ = {
			isa = XCBuildConfiguration;
			buildSettings = {
				CONFIGURATION_BUILD_DIR = "$(SRCROOT)/uexGaodeNavi";
				ENABLE_TESTABILITY = YES;
				FRAMEWORK_SEARCH_PATHS = (
					"$(inherited)",
					"$(PROJECT_DIR)/EUExGaodeNavi/sourceCode/libs",
					"$(PROJECT_DIR)/EUExGaodeNavi",
				);
				GCC_PRECOMPILE_PREFIX_HEADER = YES;
				GCC_PREFIX_HEADER = "$(SRCROOT)/EUExGaodeNavi/uexGaodeNavi-PrefixHeader.pch";
				IPHONEOS_DEPLOYMENT_TARGET = 6.0;
				LD_GENERATE_MAP_FILE = NO;
				OTHER_LDFLAGS = "-ObjC";
				PRODUCT_NAME = uexGaodeNavi;
				PROVISIONING_PROFILE = "756a3ff2-be53-4d08-862a-c050d0dfa3d9";
				SKIP_INSTALL = YES;
			};
			name = Debug;
		};
		424AD0581C25285300EEC1F8 /* Release */ = {
			isa = XCBuildConfiguration;
			buildSettings = {
				CONFIGURATION_BUILD_DIR = "$(SRCROOT)/uexGaodeNavi";
				ENABLE_TESTABILITY = YES;
				FRAMEWORK_SEARCH_PATHS = (
					"$(inherited)",
					"$(PROJECT_DIR)/EUExGaodeNavi/sourceCode/libs",
					"$(PROJECT_DIR)/EUExGaodeNavi",
				);
				GCC_PRECOMPILE_PREFIX_HEADER = YES;
				GCC_PREFIX_HEADER = "$(SRCROOT)/EUExGaodeNavi/uexGaodeNavi-PrefixHeader.pch";
				IPHONEOS_DEPLOYMENT_TARGET = 6.0;
				LD_GENERATE_MAP_FILE = NO;
				OTHER_LDFLAGS = "-ObjC";
				PRODUCT_NAME = uexGaodeNavi;
				PROVISIONING_PROFILE = "756a3ff2-be53-4d08-862a-c050d0dfa3d9";
				SKIP_INSTALL = YES;
				VALIDATE_PRODUCT = YES;
			};
			name = Release;
		};
/* End XCBuildConfiguration section */

/* Begin XCConfigurationList section */
		424AD0481C25285300EEC1F8 /* Build configuration list for PBXProject "EUExGaodeNavi" */ = {
			isa = XCConfigurationList;
			buildConfigurations = (
				424AD0541C25285300EEC1F8 /* Debug */,
				424AD0551C25285300EEC1F8 /* Release */,
			);
			defaultConfigurationIsVisible = 0;
			defaultConfigurationName = Release;
		};
		424AD0561C25285300EEC1F8 /* Build configuration list for PBXNativeTarget "EUExGaodeNavi" */ = {
			isa = XCConfigurationList;
			buildConfigurations = (
				424AD0571C25285300EEC1F8 /* Debug */,
				424AD0581C25285300EEC1F8 /* Release */,
			);
			defaultConfigurationIsVisible = 0;
			defaultConfigurationName = Release;
		};
/* End XCConfigurationList section */
	};
	rootObject = 424AD0451C25285300EEC1F8 /* Project object */;
}
