// !$*UTF8*$!
{
	archiveVersion = 1;
	classes = {
	};
	objectVersion = 46;
	objects = {

/* Begin PBXBuildFile section */
		04324D43283859C8A4807165 /* MapKit.framework in Frameworks */ = {isa = PBXBuildFile; fileRef = D11662102E50CBACA8EAF2A9 /* MapKit.framework */; };
		04E12794BEF6DBA216BD9EC5 /* QuartzCore.framework in Frameworks */ = {isa = PBXBuildFile; fileRef = 2CC6930F5DFB4358A891D5F9 /* QuartzCore.framework */; };
		200168774AA05881605814C8 /* MobileCoreServices.framework in Frameworks */ = {isa = PBXBuildFile; fileRef = B8D55D2B917245CC5CA9F603 /* MobileCoreServices.framework */; };
		2D2FACD956A6F588A2C1B1AC /* CoreGraphics.framework in Frameworks */ = {isa = PBXBuildFile; fileRef = 0E65423B8FBDD07906D016C6 /* CoreGraphics.framework */; };
		3AC29DB1753F6F6E15AB1202 /* ImageIO.framework in Frameworks */ = {isa = PBXBuildFile; fileRef = 303E05D943F2F8BC16F2299B /* ImageIO.framework */; };
		426E9D1E1E1503F0006DABC7 /* AMapFoundationKit.framework in Frameworks */ = {isa = PBXBuildFile; fileRef = 426E9D1A1E1503F0006DABC7 /* AMapFoundationKit.framework */; };
		426E9D1F1E1503F0006DABC7 /* AMapNaviKit.framework in Frameworks */ = {isa = PBXBuildFile; fileRef = 426E9D1B1E1503F0006DABC7 /* AMapNaviKit.framework */; };
		426E9D201E1503F0006DABC7 /* AppCanKit.framework in Frameworks */ = {isa = PBXBuildFile; fileRef = 426E9D1C1E1503F0006DABC7 /* AppCanKit.framework */; };
		426E9D211E1503F0006DABC7 /* MAMapKit.framework in Frameworks */ = {isa = PBXBuildFile; fileRef = 426E9D1D1E1503F0006DABC7 /* MAMapKit.framework */; };
		426E9D241E15042B006DABC7 /* JavaScriptCore.framework in Frameworks */ = {isa = PBXBuildFile; fileRef = 426E9D231E15042B006DABC7 /* JavaScriptCore.framework */; };
		426E9D261E15042F006DABC7 /* CoreTelephony.framework in Frameworks */ = {isa = PBXBuildFile; fileRef = 426E9D251E15042F006DABC7 /* CoreTelephony.framework */; };
		4282681E1C27E7AD00A10A68 /* EUExGaodeNavi.m in Sources */ = {isa = PBXBuildFile; fileRef = 4282681D1C27E7AD00A10A68 /* EUExGaodeNavi.m */; };
		6300F0456855DA8BFDCF121D /* AudioToolbox.framework in Frameworks */ = {isa = PBXBuildFile; fileRef = 866D0359F04B21767605A8DF /* AudioToolbox.framework */; };
		74AA9F288F7FFA551D7392D7 /* libc++.tbd in Frameworks */ = {isa = PBXBuildFile; fileRef = F57A3D08A911C6D985A3E1D5 /* libc++.tbd */; };
		7D09E467F6EE24F2620492B7 /* libz.tbd in Frameworks */ = {isa = PBXBuildFile; fileRef = 486472B51FDA0FD305978E66 /* libz.tbd */; };
		814BEF933B6E5201FD2DD4CB /* libstdc++.tbd in Frameworks */ = {isa = PBXBuildFile; fileRef = 82DBE6E7655AD281789A81ED /* libstdc++.tbd */; };
		81BCD3A61C9FC1E8FE4598DB /* UIKit.framework in Frameworks */ = {isa = PBXBuildFile; fileRef = E80384623E24C180D76C9EB3 /* UIKit.framework */; };
		99C2EF569E16577D2B6F7092 /* CFNetWork.framework in Frameworks */ = {isa = PBXBuildFile; fileRef = 55BD677BB13CC8A07FF3C81C /* CFNetWork.framework */; };
		C11E97C1BD0632CACC213930 /* SystemConfiguration.framework in Frameworks */ = {isa = PBXBuildFile; fileRef = 1C035D9DC8702AF1A7B67BCE /* SystemConfiguration.framework */; };
		D4DBA8AD89ECFC4F530857E8 /* AppCanEngine.framework in Frameworks */ = {isa = PBXBuildFile; fileRef = 0BED4DD6CAC4966609D56ABF /* AppCanEngine.framework */; };
		F3ECB1EF19DDD51E1EFBEA14 /* libsqlite3.tbd in Frameworks */ = {isa = PBXBuildFile; fileRef = 3F472F72A4780CF8E6B094C8 /* libsqlite3.tbd */; };
/* End PBXBuildFile section */

/* Begin PBXFileReference section */
		0BED4DD6CAC4966609D56ABF /* AppCanEngine.framework */ = {isa = PBXFileReference; fileEncoding = 4; lastKnownFileType = wrapper.framework; name = AppCanEngine.framework; path = "../../../AppCanPluginTools-iOS/resource/IDEPluginProjectPackageResource/AppCanEngine.framework"; sourceTree = "<group>"; };
		0E65423B8FBDD07906D016C6 /* CoreGraphics.framework */ = {isa = PBXFileReference; fileEncoding = 4; lastKnownFileType = wrapper.framework; name = CoreGraphics.framework; path = System/Library/Frameworks/CoreGraphics.framework; sourceTree = SDKROOT; };
		1C035D9DC8702AF1A7B67BCE /* SystemConfiguration.framework */ = {isa = PBXFileReference; fileEncoding = 4; lastKnownFileType = wrapper.framework; name = SystemConfiguration.framework; path = System/Library/Frameworks/SystemConfiguration.framework; sourceTree = SDKROOT; };
		2CC6930F5DFB4358A891D5F9 /* QuartzCore.framework */ = {isa = PBXFileReference; fileEncoding = 4; lastKnownFileType = wrapper.framework; name = QuartzCore.framework; path = System/Library/Frameworks/QuartzCore.framework; sourceTree = SDKROOT; };
		303E05D943F2F8BC16F2299B /* ImageIO.framework */ = {isa = PBXFileReference; fileEncoding = 4; lastKnownFileType = wrapper.framework; name = ImageIO.framework; path = System/Library/Frameworks/ImageIO.framework; sourceTree = SDKROOT; };
		3F472F72A4780CF8E6B094C8 /* libsqlite3.tbd */ = {isa = PBXFileReference; fileEncoding = 4; lastKnownFileType = archive.ar; name = libsqlite3.tbd; path = usr/lib/libsqlite3.tbd; sourceTree = SDKROOT; };
		424AD04D1C25285300EEC1F8 /* uexGaodeNavi.framework */ = {isa = PBXFileReference; explicitFileType = wrapper.framework; includeInIndex = 0; path = uexGaodeNavi.framework; sourceTree = BUILT_PRODUCTS_DIR; };
		426E9D1A1E1503F0006DABC7 /* AMapFoundationKit.framework */ = {isa = PBXFileReference; lastKnownFileType = wrapper.framework; path = AMapFoundationKit.framework; sourceTree = "<group>"; };
		426E9D1B1E1503F0006DABC7 /* AMapNaviKit.framework */ = {isa = PBXFileReference; lastKnownFileType = wrapper.framework; path = AMapNaviKit.framework; sourceTree = "<group>"; };
		426E9D1C1E1503F0006DABC7 /* AppCanKit.framework */ = {isa = PBXFileReference; lastKnownFileType = wrapper.framework; path = AppCanKit.framework; sourceTree = "<group>"; };
		426E9D1D1E1503F0006DABC7 /* MAMapKit.framework */ = {isa = PBXFileReference; lastKnownFileType = wrapper.framework; path = MAMapKit.framework; sourceTree = "<group>"; };
		426E9D231E15042B006DABC7 /* JavaScriptCore.framework */ = {isa = PBXFileReference; lastKnownFileType = wrapper.framework; name = JavaScriptCore.framework; path = System/Library/Frameworks/JavaScriptCore.framework; sourceTree = SDKROOT; };
		426E9D251E15042F006DABC7 /* CoreTelephony.framework */ = {isa = PBXFileReference; lastKnownFileType = wrapper.framework; name = CoreTelephony.framework; path = System/Library/Frameworks/CoreTelephony.framework; sourceTree = SDKROOT; };
		4282681C1C27E7AD00A10A68 /* EUExGaodeNavi.h */ = {isa = PBXFileReference; fileEncoding = 4; lastKnownFileType = sourcecode.c.h; path = EUExGaodeNavi.h; sourceTree = "<group>"; };
		4282681D1C27E7AD00A10A68 /* EUExGaodeNavi.m */ = {isa = PBXFileReference; fileEncoding = 4; lastKnownFileType = sourcecode.c.objc; path = EUExGaodeNavi.m; sourceTree = "<group>"; };
		42D653A51C3259A5000231E4 /* uexGaodeNavi-PrefixHeader.pch */ = {isa = PBXFileReference; fileEncoding = 4; lastKnownFileType = sourcecode.c.h; path = "uexGaodeNavi-PrefixHeader.pch"; sourceTree = "<group>"; };
		486472B51FDA0FD305978E66 /* libz.tbd */ = {isa = PBXFileReference; fileEncoding = 4; lastKnownFileType = archive.ar; name = libz.tbd; path = usr/lib/libz.tbd; sourceTree = SDKROOT; };
		55BD677BB13CC8A07FF3C81C /* CFNetWork.framework */ = {isa = PBXFileReference; fileEncoding = 4; lastKnownFileType = wrapper.framework; name = CFNetWork.framework; path = System/Library/Frameworks/CFNetWork.framework; sourceTree = SDKROOT; };
		82DBE6E7655AD281789A81ED /* libstdc++.tbd */ = {isa = PBXFileReference; fileEncoding = 4; lastKnownFileType = archive.ar; name = "libstdc++.tbd"; path = "usr/lib/libstdc++.tbd"; sourceTree = SDKROOT; };
		866D0359F04B21767605A8DF /* AudioToolbox.framework */ = {isa = PBXFileReference; fileEncoding = 4; lastKnownFileType = wrapper.framework; name = AudioToolbox.framework; path = System/Library/Frameworks/AudioToolbox.framework; sourceTree = SDKROOT; };
		B8D55D2B917245CC5CA9F603 /* MobileCoreServices.framework */ = {isa = PBXFileReference; fileEncoding = 4; lastKnownFileType = wrapper.framework; name = MobileCoreServices.framework; path = System/Library/Frameworks/MobileCoreServices.framework; sourceTree = SDKROOT; };
		D11662102E50CBACA8EAF2A9 /* MapKit.framework */ = {isa = PBXFileReference; fileEncoding = 4; lastKnownFileType = wrapper.framework; name = MapKit.framework; path = System/Library/Frameworks/MapKit.framework; sourceTree = SDKROOT; };
		DF9FCE3BE45021D0E45622D8 /* info.plist */ = {isa = PBXFileReference; fileEncoding = 4; lastKnownFileType = text.plist.strings; name = info.plist; path = "../../../AppCanPluginTools-iOS/resource/IDEPluginProjectPackageResource/info.plist"; sourceTree = "<group>"; };
		E80384623E24C180D76C9EB3 /* UIKit.framework */ = {isa = PBXFileReference; fileEncoding = 4; lastKnownFileType = wrapper.framework; name = UIKit.framework; path = System/Library/Frameworks/UIKit.framework; sourceTree = SDKROOT; };
		F57A3D08A911C6D985A3E1D5 /* libc++.tbd */ = {isa = PBXFileReference; fileEncoding = 4; lastKnownFileType = archive.ar; name = "libc++.tbd"; path = "usr/lib/libc++.tbd"; sourceTree = SDKROOT; };
/* End PBXFileReference section */

/* Begin PBXFrameworksBuildPhase section */
		424AD04A1C25285300EEC1F8 /* Frameworks */ = {
			isa = PBXFrameworksBuildPhase;
			buildActionMask = 2147483647;
			files = (
				426E9D261E15042F006DABC7 /* CoreTelephony.framework in Frameworks */,
				426E9D241E15042B006DABC7 /* JavaScriptCore.framework in Frameworks */,
				04324D43283859C8A4807165 /* MapKit.framework in Frameworks */,
				6300F0456855DA8BFDCF121D /* AudioToolbox.framework in Frameworks */,
				C11E97C1BD0632CACC213930 /* SystemConfiguration.framework in Frameworks */,
				3AC29DB1753F6F6E15AB1202 /* ImageIO.framework in Frameworks */,
				426E9D1E1E1503F0006DABC7 /* AMapFoundationKit.framework in Frameworks */,
				99C2EF569E16577D2B6F7092 /* CFNetWork.framework in Frameworks */,
				426E9D1F1E1503F0006DABC7 /* AMapNaviKit.framework in Frameworks */,
				200168774AA05881605814C8 /* MobileCoreServices.framework in Frameworks */,
				81BCD3A61C9FC1E8FE4598DB /* UIKit.framework in Frameworks */,
				2D2FACD956A6F588A2C1B1AC /* CoreGraphics.framework in Frameworks */,
				04E12794BEF6DBA216BD9EC5 /* QuartzCore.framework in Frameworks */,
				74AA9F288F7FFA551D7392D7 /* libc++.tbd in Frameworks */,
				426E9D211E1503F0006DABC7 /* MAMapKit.framework in Frameworks */,
				814BEF933B6E5201FD2DD4CB /* libstdc++.tbd in Frameworks */,
				F3ECB1EF19DDD51E1EFBEA14 /* libsqlite3.tbd in Frameworks */,
				7D09E467F6EE24F2620492B7 /* libz.tbd in Frameworks */,
				D4DBA8AD89ECFC4F530857E8 /* AppCanEngine.framework in Frameworks */,
				426E9D201E1503F0006DABC7 /* AppCanKit.framework in Frameworks */,
			);
			runOnlyForDeploymentPostprocessing = 0;
		};
/* End PBXFrameworksBuildPhase section */

/* Begin PBXGroup section */
		424AD0441C25285300EEC1F8 = {
			isa = PBXGroup;
			children = (
				B574232C6B6990CF570E7675 /* EUExGaodeNavi */,
				424AD04E1C25285300EEC1F8 /* Products */,
				95B64EEFCEE2ED95FA461C3D /* IDE-Frameworks */,
				6EEB9CF2789F46D5E996326A /* AppCanEngine */,
				426E9D221E15042B006DABC7 /* Frameworks */,
			);
			sourceTree = "<group>";
		};
		424AD04E1C25285300EEC1F8 /* Products */ = {
			isa = PBXGroup;
			children = (
				424AD04D1C25285300EEC1F8 /* uexGaodeNavi.framework */,
			);
			name = Products;
			sourceTree = "<group>";
		};
		426E9D221E15042B006DABC7 /* Frameworks */ = {
			isa = PBXGroup;
			children = (
				426E9D251E15042F006DABC7 /* CoreTelephony.framework */,
				426E9D231E15042B006DABC7 /* JavaScriptCore.framework */,
			);
			name = Frameworks;
			sourceTree = "<group>";
		};
		437259B8C8420ADD80BA2437 /* sourceCode */ = {
			isa = PBXGroup;
			children = (
			);
			path = sourceCode;
			sourceTree = "<group>";
		};
		6EEB9CF2789F46D5E996326A /* AppCanEngine */ = {
			isa = PBXGroup;
			children = (
				0BED4DD6CAC4966609D56ABF /* AppCanEngine.framework */,
				DF9FCE3BE45021D0E45622D8 /* info.plist */,
			);
			path = AppCanEngine;
			sourceTree = "<group>";
		};
		95B64EEFCEE2ED95FA461C3D /* IDE-Frameworks */ = {
			isa = PBXGroup;
			children = (
				D11662102E50CBACA8EAF2A9 /* MapKit.framework */,
				866D0359F04B21767605A8DF /* AudioToolbox.framework */,
				1C035D9DC8702AF1A7B67BCE /* SystemConfiguration.framework */,
				303E05D943F2F8BC16F2299B /* ImageIO.framework */,
				55BD677BB13CC8A07FF3C81C /* CFNetWork.framework */,
				B8D55D2B917245CC5CA9F603 /* MobileCoreServices.framework */,
				E80384623E24C180D76C9EB3 /* UIKit.framework */,
				0E65423B8FBDD07906D016C6 /* CoreGraphics.framework */,
				2CC6930F5DFB4358A891D5F9 /* QuartzCore.framework */,
				F57A3D08A911C6D985A3E1D5 /* libc++.tbd */,
				82DBE6E7655AD281789A81ED /* libstdc++.tbd */,
				3F472F72A4780CF8E6B094C8 /* libsqlite3.tbd */,
				486472B51FDA0FD305978E66 /* libz.tbd */,
			);
			path = "IDE-Frameworks";
			sourceTree = "<group>";
		};
		B574232C6B6990CF570E7675 /* EUExGaodeNavi */ = {
			isa = PBXGroup;
			children = (
				426E9D1A1E1503F0006DABC7 /* AMapFoundationKit.framework */,
				426E9D1B1E1503F0006DABC7 /* AMapNaviKit.framework */,
				426E9D1C1E1503F0006DABC7 /* AppCanKit.framework */,
				426E9D1D1E1503F0006DABC7 /* MAMapKit.framework */,
				437259B8C8420ADD80BA2437 /* sourceCode */,
				4282681C1C27E7AD00A10A68 /* EUExGaodeNavi.h */,
				4282681D1C27E7AD00A10A68 /* EUExGaodeNavi.m */,
				42D653A51C3259A5000231E4 /* uexGaodeNavi-PrefixHeader.pch */,
			);
			path = EUExGaodeNavi;
			sourceTree = "<group>";
		};
/* End PBXGroup section */

/* Begin PBXNativeTarget section */
		424AD04C1C25285300EEC1F8 /* EUExGaodeNavi */ = {
			isa = PBXNativeTarget;
			buildConfigurationList = 424AD0561C25285300EEC1F8 /* Build configuration list for PBXNativeTarget "EUExGaodeNavi" */;
			buildPhases = (
				424AD0491C25285300EEC1F8 /* Sources */,
				424AD04A1C25285300EEC1F8 /* Frameworks */,
			);
			buildRules = (
			);
			dependencies = (
			);
			name = EUExGaodeNavi;
			productName = EUExGaodeNavi;
			productReference = 424AD04D1C25285300EEC1F8 /* uexGaodeNavi.framework */;
			productType = "com.apple.product-type.framework";
		};
/* End PBXNativeTarget section */

/* Begin PBXProject section */
		424AD0451C25285300EEC1F8 /* Project object */ = {
			isa = PBXProject;
			attributes = {
				LastUpgradeCheck = 0720;
				ORGANIZATIONNAME = AppCan;
				TargetAttributes = {
					424AD04C1C25285300EEC1F8 = {
						CreatedOnToolsVersion = 7.2;
						ProvisioningStyle = Manual;
					};
				};
			};
			buildConfigurationList = 424AD0481C25285300EEC1F8 /* Build configuration list for PBXProject "EUExGaodeNaviIDE" */;
			compatibilityVersion = "Xcode 3.2";
			developmentRegion = English;
			hasScannedForEncodings = 0;
			knownRegions = (
				en,
			);
			mainGroup = 424AD0441C25285300EEC1F8;
			productRefGroup = 424AD04E1C25285300EEC1F8 /* Products */;
			projectDirPath = "";
			projectRoot = "";
			targets = (
				424AD04C1C25285300EEC1F8 /* EUExGaodeNavi */,
			);
		};
/* End PBXProject section */

/* Begin PBXSourcesBuildPhase section */
		424AD0491C25285300EEC1F8 /* Sources */ = {
			isa = PBXSourcesBuildPhase;
			buildActionMask = 2147483647;
			files = (
				4282681E1C27E7AD00A10A68 /* EUExGaodeNavi.m in Sources */,
			);
			runOnlyForDeploymentPostprocessing = 0;
		};
/* End PBXSourcesBuildPhase section */

/* Begin XCBuildConfiguration section */
		424AD0541C25285300EEC1F8 /* Debug */ = {
			isa = XCBuildConfiguration;
			buildSettings = {
				ALWAYS_SEARCH_USER_PATHS = NO;
				CLANG_CXX_LANGUAGE_STANDARD = "gnu++0x";
				CLANG_CXX_LIBRARY = "libc++";
				CLANG_ENABLE_MODULES = YES;
				CLANG_ENABLE_OBJC_ARC = YES;
				CLANG_WARN_BOOL_CONVERSION = YES;
				CLANG_WARN_CONSTANT_CONVERSION = YES;
				CLANG_WARN_DIRECT_OBJC_ISA_USAGE = YES_ERROR;
				CLANG_WARN_EMPTY_BODY = YES;
				CLANG_WARN_ENUM_CONVERSION = YES;
				CLANG_WARN_INT_CONVERSION = YES;
				CLANG_WARN_OBJC_ROOT_CLASS = YES_ERROR;
				CLANG_WARN_UNREACHABLE_CODE = YES;
				CLANG_WARN__DUPLICATE_METHOD_MATCH = YES;
				"CODE_SIGN_IDENTITY[sdk=iphoneos*]" = "iPhone Developer";
				COPY_PHASE_STRIP = NO;
				DEBUG_INFORMATION_FORMAT = dwarf;
				ENABLE_STRICT_OBJC_MSGSEND = YES;
				ENABLE_TESTABILITY = YES;
				GCC_C_LANGUAGE_STANDARD = gnu99;
				GCC_DYNAMIC_NO_PIC = NO;
				GCC_NO_COMMON_BLOCKS = YES;
				GCC_OPTIMIZATION_LEVEL = 0;
				GCC_PREPROCESSOR_DEFINITIONS = (
					"DEBUG=1",
					"$(inherited)",
				);
				GCC_WARN_64_TO_32_BIT_CONVERSION = YES;
				GCC_WARN_ABOUT_RETURN_TYPE = YES_ERROR;
				GCC_WARN_UNDECLARED_SELECTOR = YES;
				GCC_WARN_UNINITIALIZED_AUTOS = YES_AGGRESSIVE;
				GCC_WARN_UNUSED_FUNCTION = YES;
				GCC_WARN_UNUSED_VARIABLE = YES;
				IPHONEOS_DEPLOYMENT_TARGET = 8.0;
				MTL_ENABLE_DEBUG_INFO = YES;
				ONLY_ACTIVE_ARCH = YES;
				SDKROOT = iphoneos;
				TARGETED_DEVICE_FAMILY = "1,2";
			};
			name = Debug;
		};
		424AD0551C25285300EEC1F8 /* Release */ = {
			isa = XCBuildConfiguration;
			buildSettings = {
				ALWAYS_SEARCH_USER_PATHS = NO;
				CLANG_CXX_LANGUAGE_STANDARD = "gnu++0x";
				CLANG_CXX_LIBRARY = "libc++";
				CLANG_ENABLE_MODULES = YES;
				CLANG_ENABLE_OBJC_ARC = YES;
				CLANG_WARN_BOOL_CONVERSION = YES;
				CLANG_WARN_CONSTANT_CONVERSION = YES;
				CLANG_WARN_DIRECT_OBJC_ISA_USAGE = YES_ERROR;
				CLANG_WARN_EMPTY_BODY = YES;
				CLANG_WARN_ENUM_CONVERSION = YES;
				CLANG_WARN_INT_CONVERSION = YES;
				CLANG_WARN_OBJC_ROOT_CLASS = YES_ERROR;
				CLANG_WARN_UNREACHABLE_CODE = YES;
				CLANG_WARN__DUPLICATE_METHOD_MATCH = YES;
				"CODE_SIGN_IDENTITY[sdk=iphoneos*]" = "iPhone Developer";
				COPY_PHASE_STRIP = NO;
				DEBUG_INFORMATION_FORMAT = dwarf;
				ENABLE_NS_ASSERTIONS = NO;
				ENABLE_STRICT_OBJC_MSGSEND = YES;
				GCC_C_LANGUAGE_STANDARD = gnu99;
				GCC_NO_COMMON_BLOCKS = YES;
				GCC_WARN_64_TO_32_BIT_CONVERSION = YES;
				GCC_WARN_ABOUT_RETURN_TYPE = YES_ERROR;
				GCC_WARN_UNDECLARED_SELECTOR = YES;
				GCC_WARN_UNINITIALIZED_AUTOS = YES_AGGRESSIVE;
				GCC_WARN_UNUSED_FUNCTION = YES;
				GCC_WARN_UNUSED_VARIABLE = YES;
				IPHONEOS_DEPLOYMENT_TARGET = 8.0;
				MTL_ENABLE_DEBUG_INFO = NO;
				SDKROOT = iphoneos;
				TARGETED_DEVICE_FAMILY = "1,2";
				VALIDATE_PRODUCT = YES;
			};
			name = Release;
		};
		424AD0571C25285300EEC1F8 /* Debug */ = {
			isa = XCBuildConfiguration;
			buildSettings = {
				BUNDLE_IDENTIFIER = com.appcan.ide;
				CODE_SIGN_IDENTITY = "iPhone Distribution: Hangzhou Sea King Biological Technology Co., Ltd.";
				"CODE_SIGN_IDENTITY[sdk=iphoneos*]" = "iPhone Developer";
				CONFIGURATION_BUILD_DIR = "$(SRCROOT)/uexGaodeNavi/IDE/";
				DEBUG_INFORMATION_FORMAT = dwarf;
				DEFINES_MODULE = YES;
				DEVELOPMENT_TEAM = "";
				DYLIB_COMPATIBILITY_VERSION = 1;
				DYLIB_CURRENT_VERSION = 1;
				DYLIB_INSTALL_NAME_BASE = "@rpath";
				ENABLE_BITCODE = NO;
				ENABLE_TESTABILITY = YES;
				FRAMEWORK_SEARCH_PATHS = (
					"$(inherited)",
					"$(PROJECT_DIR)/EUExGaodeNavi/sourceCode/libs",
					"$(PROJECT_DIR)",
					"$(SRCROOT)/../../AppCanPluginTools-iOS/resource/IDEPluginProjectPackageResource",
					"$(PROJECT_DIR)/EUExGaodeNavi",
				);
				GCC_PRECOMPILE_PREFIX_HEADER = YES;
				GCC_PREFIX_HEADER = "$(SRCROOT)/EUExGaodeNavi/uexGaodeNavi-PrefixHeader.pch";
				HEADER_SEARCH_PATHS = "$(SRCROOT)/../../AppCanPluginTools-iOS/resource/IDEPluginProjectPackageResource";
				INFOPLIST_FILE = "$(SRCROOT)/../../AppCanPluginTools-iOS/resource/IDEPluginProjectPackageResource/info.plist";
				INSTALL_PATH = "$(LOCAL_LIBRARY_DIR)/Frameworks";
				IPHONEOS_DEPLOYMENT_TARGET = 8.0;
				LD_GENERATE_MAP_FILE = NO;
				LD_RUNPATH_SEARCH_PATHS = "$(inherited) @executable_path/Frameworks @executable_path @loader_path/Frameworks @loader_path";
				LIBRARY_SEARCH_PATHS = (
					"$(inherited)",
					"$(SRCROOT)/../../AppCanPluginTools-iOS/resource/IDEPluginProjectPackageResource",
				);
				OTHER_LDFLAGS = "-ObjC";
				PRODUCT_NAME = uexGaodeNavi;
				PROVISIONING_PROFILE = "";
				PROVISIONING_PROFILE_SPECIFIER = "";
				SKIP_INSTALL = YES;
			};
			name = Debug;
		};
		424AD0581C25285300EEC1F8 /* Release */ = {
			isa = XCBuildConfiguration;
			buildSettings = {
				BUNDLE_IDENTIFIER = com.appcan.ide;
				CODE_SIGN_IDENTITY = "iPhone Distribution: Hangzhou Sea King Biological Technology Co., Ltd.";
				"CODE_SIGN_IDENTITY[sdk=iphoneos*]" = "iPhone Developer";
				CONFIGURATION_BUILD_DIR = "$(SRCROOT)/uexGaodeNavi/IDE/";
				DEBUG_INFORMATION_FORMAT = dwarf;
				DEFINES_MODULE = YES;
				DEVELOPMENT_TEAM = "";
				DYLIB_COMPATIBILITY_VERSION = 1;
				DYLIB_CURRENT_VERSION = 1;
				DYLIB_INSTALL_NAME_BASE = "@rpath";
				ENABLE_BITCODE = NO;
				ENABLE_TESTABILITY = YES;
				FRAMEWORK_SEARCH_PATHS = (
					"$(inherited)",
					"$(PROJECT_DIR)/EUExGaodeNavi/sourceCode/libs",
					"$(PROJECT_DIR)",
					"$(SRCROOT)/../../AppCanPluginTools-iOS/resource/IDEPluginProjectPackageResource",
					"$(PROJECT_DIR)/EUExGaodeNavi",
				);
				GCC_PRECOMPILE_PREFIX_HEADER = YES;
				GCC_PREFIX_HEADER = "$(SRCROOT)/EUExGaodeNavi/uexGaodeNavi-PrefixHeader.pch";
				HEADER_SEARCH_PATHS = "$(SRCROOT)/../../AppCanPluginTools-iOS/resource/IDEPluginProjectPackageResource";
				INFOPLIST_FILE = "$(SRCROOT)/../../AppCanPluginTools-iOS/resource/IDEPluginProjectPackageResource/info.plist";
				INSTALL_PATH = "$(LOCAL_LIBRARY_DIR)/Frameworks";
				IPHONEOS_DEPLOYMENT_TARGET = 8.0;
				LD_GENERATE_MAP_FILE = NO;
				LD_RUNPATH_SEARCH_PATHS = "$(inherited) @executable_path/Frameworks @executable_path @loader_path/Frameworks @loader_path";
				LIBRARY_SEARCH_PATHS = (
					"$(inherited)",
					"$(SRCROOT)/../../AppCanPluginTools-iOS/resource/IDEPluginProjectPackageResource",
				);
				OTHER_LDFLAGS = "-ObjC";
				PRODUCT_NAME = uexGaodeNavi;
				PROVISIONING_PROFILE = "";
				PROVISIONING_PROFILE_SPECIFIER = "";
				SKIP_INSTALL = YES;
				VALIDATE_PRODUCT = YES;
			};
			name = Release;
		};
/* End XCBuildConfiguration section */

/* Begin XCConfigurationList section */
		424AD0481C25285300EEC1F8 /* Build configuration list for PBXProject "EUExGaodeNaviIDE" */ = {
			isa = XCConfigurationList;
			buildConfigurations = (
				424AD0541C25285300EEC1F8 /* Debug */,
				424AD0551C25285300EEC1F8 /* Release */,
			);
			defaultConfigurationIsVisible = 0;
			defaultConfigurationName = Release;
		};
		424AD0561C25285300EEC1F8 /* Build configuration list for PBXNativeTarget "EUExGaodeNavi" */ = {
			isa = XCConfigurationList;
			buildConfigurations = (
				424AD0571C25285300EEC1F8 /* Debug */,
				424AD0581C25285300EEC1F8 /* Release */,
			);
			defaultConfigurationIsVisible = 0;
			defaultConfigurationName = Release;
		};
/* End XCConfigurationList section */
	};
	rootObject = 424AD0451C25285300EEC1F8 /* Project object */;
}
